
Microsoft Visual Studio Solution File, Format Version 12.00
# Visual Studio Version 17
VisualStudioVersion = 17.5.002.0
MinimumVisualStudioVersion = 10.0.40219.1
Project("{9A19103F-16F7-4668-BE54-9A1E7A4F7556}") = "RaftWeb", "RaftWeb.csproj", "{714AE14F-95A0-4875-A5BE-6A57E8DCA646}"
EndProject
Global
	GlobalSection(SolutionConfigurationPlatforms) = preSolution
		Debug|Any CPU = Debug|Any CPU
		Release|Any CPU = Release|Any CPU
	EndGlobalSection
	GlobalSection(ProjectConfigurationPlatforms) = postSolution
		{714AE14F-95A0-4875-A5BE-6A57E8DCA646}.Debug|Any CPU.ActiveCfg = Debug|Any CPU
		{714AE14F-95A0-4875-A5BE-6A57E8DCA646}.Debug|Any CPU.Build.0 = Debug|Any CPU
		{714AE14F-95A0-4875-A5BE-6A57E8DCA646}.Release|Any CPU.ActiveCfg = Release|Any CPU
		{714AE14F-95A0-4875-A5BE-6A57E8DCA646}.Release|Any CPU.Build.0 = Release|Any CPU
	EndGlobalSection
	GlobalSection(SolutionProperties) = preSolution
		HideSolutionNode = FALSE
	EndGlobalSection
	GlobalSection(ExtensibilityGlobals) = postSolution
		SolutionGuid = {8C0D5234-957A-4C49-B56D-BE9798878AB4}
	EndGlobalSection
EndGlobal
